
Microsoft Visual Studio Solution File, Format Version 12.00
# Visual Studio Version 16
VisualStudioVersion = 16.0.29411.108
MinimumVisualStudioVersion = 10.0.40219.1
Project("{8BC9CEB8-8B4A-11D0-8D11-00A0C91BC942}") = "GitWS", "GitWS\GitWS.vcxproj", "{53D13991-7C54-41C1-9B5F-51B0DF8669DB}"
EndProject
Project("{8BC9CEB8-8B4A-11D0-8D11-00A0C91BC942}") = "PerfekteZahlen", "PerfekteZahlen\PerfekteZahlen.vcxproj", "{0917C7BF-8793-4166-8A87-3B38552C26D4}"
EndProject
Project("{8BC9CEB8-8B4A-11D0-8D11-00A0C91BC942}") = "ParameterAuswerten", "ParameterAuswerten\ParameterAuswerten.vcxproj", "{E726E6E1-C665-4007-9AFB-269FD2615EC1}"
EndProject
Project("{8BC9CEB8-8B4A-11D0-8D11-00A0C91BC942}") = "Liste", "Liste\Liste.vcxproj", "{9D3D56CF-460F-43F7-8827-9C42C80019FC}"
EndProject
Global
	GlobalSection(SolutionConfigurationPlatforms) = preSolution
		Debug|x64 = Debug|x64
		Debug|x86 = Debug|x86
		Release|x64 = Release|x64
		Release|x86 = Release|x86
	EndGlobalSection
	GlobalSection(ProjectConfigurationPlatforms) = postSolution
		{53D13991-7C54-41C1-9B5F-51B0DF8669DB}.Debug|x64.ActiveCfg = Debug|x64
		{53D13991-7C54-41C1-9B5F-51B0DF8669DB}.Debug|x64.Build.0 = Debug|x64
		{53D13991-7C54-41C1-9B5F-51B0DF8669DB}.Debug|x86.ActiveCfg = Debug|Win32
		{53D13991-7C54-41C1-9B5F-51B0DF8669DB}.Debug|x86.Build.0 = Debug|Win32
		{53D13991-7C54-41C1-9B5F-51B0DF8669DB}.Release|x64.ActiveCfg = Release|x64
		{53D13991-7C54-41C1-9B5F-51B0DF8669DB}.Release|x64.Build.0 = Release|x64
		{53D13991-7C54-41C1-9B5F-51B0DF8669DB}.Release|x86.ActiveCfg = Release|Win32
		{53D13991-7C54-41C1-9B5F-51B0DF8669DB}.Release|x86.Build.0 = Release|Win32
		{0917C7BF-8793-4166-8A87-3B38552C26D4}.Debug|x64.ActiveCfg = Debug|x64
		{0917C7BF-8793-4166-8A87-3B38552C26D4}.Debug|x64.Build.0 = Debug|x64
		{0917C7BF-8793-4166-8A87-3B38552C26D4}.Debug|x86.ActiveCfg = Debug|Win32
		{0917C7BF-8793-4166-8A87-3B38552C26D4}.Debug|x86.Build.0 = Debug|Win32
		{0917C7BF-8793-4166-8A87-3B38552C26D4}.Release|x64.ActiveCfg = Release|x64
		{0917C7BF-8793-4166-8A87-3B38552C26D4}.Release|x64.Build.0 = Release|x64
		{0917C7BF-8793-4166-8A87-3B38552C26D4}.Release|x86.ActiveCfg = Release|Win32
		{0917C7BF-8793-4166-8A87-3B38552C26D4}.Release|x86.Build.0 = Release|Win32
		{E726E6E1-C665-4007-9AFB-269FD2615EC1}.Debug|x64.ActiveCfg = Debug|x64
		{E726E6E1-C665-4007-9AFB-269FD2615EC1}.Debug|x64.Build.0 = Debug|x64
		{E726E6E1-C665-4007-9AFB-269FD2615EC1}.Debug|x86.ActiveCfg = Debug|Win32
		{E726E6E1-C665-4007-9AFB-269FD2615EC1}.Debug|x86.Build.0 = Debug|Win32
		{E726E6E1-C665-4007-9AFB-269FD2615EC1}.Release|x64.ActiveCfg = Release|x64
		{E726E6E1-C665-4007-9AFB-269FD2615EC1}.Release|x64.Build.0 = Release|x64
		{E726E6E1-C665-4007-9AFB-269FD2615EC1}.Release|x86.ActiveCfg = Release|Win32
		{E726E6E1-C665-4007-9AFB-269FD2615EC1}.Release|x86.Build.0 = Release|Win32
		{9D3D56CF-460F-43F7-8827-9C42C80019FC}.Debug|x64.ActiveCfg = Debug|x64
		{9D3D56CF-460F-43F7-8827-9C42C80019FC}.Debug|x64.Build.0 = Debug|x64
		{9D3D56CF-460F-43F7-8827-9C42C80019FC}.Debug|x86.ActiveCfg = Debug|Win32
		{9D3D56CF-460F-43F7-8827-9C42C80019FC}.Debug|x86.Build.0 = Debug|Win32
		{9D3D56CF-460F-43F7-8827-9C42C80019FC}.Release|x64.ActiveCfg = Release|x64
		{9D3D56CF-460F-43F7-8827-9C42C80019FC}.Release|x64.Build.0 = Release|x64
		{9D3D56CF-460F-43F7-8827-9C42C80019FC}.Release|x86.ActiveCfg = Release|Win32
		{9D3D56CF-460F-43F7-8827-9C42C80019FC}.Release|x86.Build.0 = Release|Win32
	EndGlobalSection
	GlobalSection(SolutionProperties) = preSolution
		HideSolutionNode = FALSE
	EndGlobalSection
	GlobalSection(ExtensibilityGlobals) = postSolution
		SolutionGuid = {7CFD27E6-A94C-457D-8ED4-57A9C7667FF3}
	EndGlobalSection
EndGlobal
